{
  "name": "management-api",
  "version": "0.0.2",
  "lockfileVersion": 1,
  "requires": true,
  "dependencies": {
    "@types/body-parser": {
      "version": "1.19.0",
      "dev": true,
      "requires": {
        "@types/connect": "*",
        "@types/node": "*"
      }
    },
    "@types/chai": {
      "version": "4.2.11",
      "dev": true
    },
    "@types/dotenv": {
      "version": "6.1.1",
      "dev": true,
      "requires": {
        "@types/node": "*"
      }
    },
    "@types/express": {
      "version": "4.17.6",
      "dev": true,
      "requires": {
        "@types/body-parser": "*",
        "@types/express-serve-static-core": "*",
        "@types/qs": "*",
        "@types/serve-static": "*"
      }
    },
    "@types/mocha": {
      "version": "5.2.7",
      "dev": true
    },
    "@types/supertest": {
      "version": "2.0.10",
      "dev": true,
      "requires": {
        "@types/superagent": "*"
      }
    },
    "@typescript-eslint/eslint-plugin": {
      "version": "2.34.0",
      "dev": true,
      "requires": {
        "@typescript-eslint/experimental-utils": "2.34.0",
        "functional-red-black-tree": "^1.0.1",
        "regexpp": "^3.0.0",
        "tsutils": "^3.17.1"
      }
    },
    "@typescript-eslint/parser": {
      "version": "2.34.0",
      "dev": true,
      "requires": {
        "@types/eslint-visitor-keys": "^1.0.0",
        "@typescript-eslint/experimental-utils": "2.34.0",
        "@typescript-eslint/typescript-estree": "2.34.0",
        "eslint-visitor-keys": "^1.1.0"
      }
    },
    "body-parser": {
      "version": "1.19.0",
      "requires": {
        "bytes": "3.1.0",
        "content-type": "~1.0.4",
        "debug": "2.6.9",
        "depd": "~1.1.2",
        "http-errors": "1.7.2",
        "iconv-lite": "0.4.24",
        "on-finished": "~2.3.0",
        "qs": "6.7.0",
        "raw-body": "2.4.0",
        "type-is": "~1.6.17"
      }
    },
    "chai": {
      "version": "4.2.0",
      "dev": true,
      "requires": {
        "assertion-error": "^1.1.0",
        "check-error": "^1.0.2",
        "deep-eql": "^3.0.1",
        "get-func-name": "^2.0.0",
        "pathval": "^1.1.0",
        "type-detect": "^4.0.5"
      }
    },
    "dotenv": {
      "version": "8.2.0",
      "dev": true
    },
    "eslint": {
      "version": "6.8.0",
      "dev": true,
      "requires": {
        "@babel/code-frame": "^7.0.0",
        "ajv": "^6.10.0",
        "chalk": "^2.1.0",
        "cross-spawn": "^6.0.5",
        "debug": "^4.0.1",
        "doctrine": "^3.0.0",
        "eslint-scope": "^5.0.0",
        "eslint-utils": "^1.4.3",
        "eslint-visitor-keys": "^1.1.0",
        "espree": "^6.1.2",
        "esquery": "^1.0.1",
        "esutils": "^2.0.2",
        "file-entry-cache": "^5.0.1",
        "functional-red-black-tree": "^1.0.1",
        "glob-parent": "^5.0.0",
        "globals": "^12.1.0",
        "ignore": "^4.0.6",
        "import-fresh": "^3.0.0",
        "imurmurhash": "^0.1.4",
        "inquirer": "^7.0.0",
        "is-glob": "^4.0.0",
        "js-yaml": "^3.13.1",
        "json-stable-stringify-without-jsonify": "^1.0.1",
        "levn": "^0.3.0",
        "lodash": "^4.17.14",
        "minimatch": "^3.0.4",
        "mkdirp": "^0.5.1",
        "natural-compare": "^1.4.0",
        "optionator": "^0.8.3",
        "progress": "^2.0.0",
        "regexpp": "^2.0.1",
        "semver": "^6.1.2",
        "strip-ansi": "^5.2.0",
        "strip-json-comments": "^3.0.1",
        "table": "^5.2.3",
        "text-table": "^0.2.0",
        "v8-compile-cache": "^2.0.3"
      }
    },
    "eslint-config-prettier": {
      "version": "6.11.0",
      "dev": true,
      "requires": {
        "get-stdin": "^6.0.0"
      }
    },
    "eslint-plugin-prettier": {
      "version": "3.1.4",
      "dev": true,
      "requires": {
        "prettier-linter-helpers": "^1.0.0"
      }
    },
    "express": {
      "version": "4.17.1",
      "requires": {
        "accepts": "~1.3.7",
        "array-flatten": "1.1.1",
        "body-parser": "1.19.0",
        "content-disposition": "0.5.3",
        "content-type": "~1.0.4",
        "cookie": "0.4.0",
        "cookie-signature": "1.0.6",
        "debug": "2.6.9",
        "depd": "~1.1.2",
        "encodeurl": "~1.0.2",
        "escape-html": "~1.0.3",
        "etag": "~1.8.1",
        "finalhandler": "~1.1.2",
        "fresh": "0.5.2",
        "merge-descriptors": "1.0.1",
        "methods": "~1.1.2",
        "on-finished": "~2.3.0",
        "parseurl": "~1.3.3",
        "path-to-regexp": "0.1.7",
        "proxy-addr": "~2.0.5",
        "qs": "6.7.0",
        "range-parser": "~1.2.1",
        "safe-buffer": "5.1.2",
        "send": "0.17.1",
        "serve-static": "1.14.1",
        "setprototypeof": "1.1.1",
        "statuses": "~1.5.0",
        "type-is": "~1.6.18",
        "utils-merge": "1.0.1",
        "vary": "~1.1.2"
      }
    },
    "knex": {
      "version": "0.21.1",
      "dev": true,
      "requires": {
        "colorette": "1.1.0",
        "commander": "^5.1.0",
        "debug": "4.1.1",
        "esm": "^3.2.25",
        "getopts": "2.2.5",
        "inherits": "~2.0.4",
        "interpret": "^2.0.0",
        "liftoff": "3.1.0",
        "lodash": "^4.17.15",
        "mkdirp": "^1.0.4",
        "pg-connection-string": "2.2.0",
        "tarn": "^3.0.0",
        "tildify": "2.0.0",
        "uuid": "^7.0.3",
        "v8flags": "^3.1.3"
      }
    },
    "mocha": {
      "version": "6.2.3",
      "dev": true,
      "requires": {
        "ansi-colors": "3.2.3",
        "browser-stdout": "1.3.1",
        "debug": "3.2.6",
        "diff": "3.5.0",
        "escape-string-regexp": "1.0.5",
        "find-up": "3.0.0",
        "glob": "7.1.3",
        "growl": "1.10.5",
        "he": "1.2.0",
        "js-yaml": "3.13.1",
        "log-symbols": "2.2.0",
        "minimatch": "3.0.4",
        "mkdirp": "0.5.4",
        "ms": "2.1.1",
        "node-environment-flags": "1.0.5",
        "object.assign": "4.1.0",
        "strip-json-comments": "2.0.1",
        "supports-color": "6.0.0",
        "which": "1.3.1",
        "wide-align": "1.1.3",
        "yargs": "13.3.2",
        "yargs-parser": "13.1.2",
        "yargs-unparser": "1.6.0"
      }
    },
    "nodemon": {
      "version": "1.19.4",
      "dev": true,
      "requires": {
        "chokidar": "^2.1.8",
        "debug": "^3.2.6",
        "ignore-by-default": "^1.0.1",
        "minimatch": "^3.0.4",
        "pstree.remy": "^1.1.7",
        "semver": "^5.7.1",
        "supports-color": "^5.5.0",
        "touch": "^3.1.0",
        "undefsafe": "^2.0.2",
        "update-notifier": "^2.5.0"
      }
    },
    "objection": {
      "version": "2.2.1",
      "dev": true,
      "requires": {
        "ajv": "^6.12.0",
        "db-errors": "^0.2.3"
      }
    },
    "pg": {
      "version": "8.2.1",
      "dev": true,
      "requires": {
        "buffer-writer": "2.0.0",
        "packet-reader": "1.0.0",
        "pg-connection-string": "^2.2.3",
        "pg-pool": "^3.2.1",
        "pg-protocol": "^1.2.4",
        "pg-types": "^2.1.0",
        "pgpass": "1.x",
        "semver": "4.3.2"
      }
    },
    "prettier": {
      "version": "2.0.5",
      "dev": true
    },
    "supertest": {
      "version": "4.0.2",
      "dev": true,
      "requires": {
        "methods": "^1.1.2",
        "superagent": "^3.8.3"
      }
    },
    "ts-node": {
      "version": "8.10.2",
      "dev": true,
      "requires": {
        "arg": "^4.1.0",
        "diff": "^4.0.1",
        "make-error": "^1.1.1",
        "source-map-support": "^0.5.17",
        "yn": "3.1.1"
      }
    },
    "tsconfig-paths": {
      "version": "3.9.0",
      "dev": true,
      "requires": {
        "@types/json5": "^0.0.29",
        "json5": "^1.0.1",
        "minimist": "^1.2.0",
        "strip-bom": "^3.0.0"
      }
    },
    "typescript": {
      "version": "3.7.5",
      "dev": true
    }
  }
}
